
Microsoft Visual Studio Solution File, Format Version 12.00
# Visual Studio Version 17
VisualStudioVersion = 17.8.34322.80
MinimumVisualStudioVersion = 10.0.40219.1
Project("{9A19103F-16F7-4668-BE54-9A1E7A4F7556}") = "AtlasAPI", "AtlasAPI\AtlasAPI.csproj", "{64FEBE4F-4C1F-4109-B66E-8F1348D0DA64}"
EndProject
Project("{FAE04EC0-301F-11D3-BF4B-00C04F79EFBC}") = "Front_End", "Front_End\Front_End.csproj", "{620E58A8-B904-4864-BCCE-C6E6C7545D8D}"
EndProject
Global
	GlobalSection(SolutionConfigurationPlatforms) = preSolution
		Debug|Any CPU = Debug|Any CPU
		Release|Any CPU = Release|Any CPU
	EndGlobalSection
	GlobalSection(ProjectConfigurationPlatforms) = postSolution
		{64FEBE4F-4C1F-4109-B66E-8F1348D0DA64}.Debug|Any CPU.ActiveCfg = Debug|Any CPU
		{64FEBE4F-4C1F-4109-B66E-8F1348D0DA64}.Debug|Any CPU.Build.0 = Debug|Any CPU
		{64FEBE4F-4C1F-4109-B66E-8F1348D0DA64}.Release|Any CPU.ActiveCfg = Release|Any CPU
		{64FEBE4F-4C1F-4109-B66E-8F1348D0DA64}.Release|Any CPU.Build.0 = Release|Any CPU
		{620E58A8-B904-4864-BCCE-C6E6C7545D8D}.Debug|Any CPU.ActiveCfg = Debug|Any CPU
		{620E58A8-B904-4864-BCCE-C6E6C7545D8D}.Debug|Any CPU.Build.0 = Debug|Any CPU
		{620E58A8-B904-4864-BCCE-C6E6C7545D8D}.Release|Any CPU.ActiveCfg = Release|Any CPU
		{620E58A8-B904-4864-BCCE-C6E6C7545D8D}.Release|Any CPU.Build.0 = Release|Any CPU
	EndGlobalSection
	GlobalSection(SolutionProperties) = preSolution
		HideSolutionNode = FALSE
	EndGlobalSection
	GlobalSection(ExtensibilityGlobals) = postSolution
		SolutionGuid = {541A449D-CEF3-42D7-B259-B22B02C43FE3}
	EndGlobalSection
EndGlobal
